
Microsoft Visual Studio Solution File, Format Version 12.00
# Visual Studio Version 16
VisualStudioVersion = 16.0.31729.503
MinimumVisualStudioVersion = 10.0.40219.1
Project("{9A19103F-16F7-4668-BE54-9A1E7A4F7556}") = "AppCore", "AppCore\AppCore.csproj", "{1D6C423D-983F-4DF9-84F6-4E00AD46ED8B}"
EndProject
Project("{9A19103F-16F7-4668-BE54-9A1E7A4F7556}") = "Netflix.DAL", "ClassLibrary1\Netflix.DAL.csproj", "{7801C265-11F9-44E4-92FB-C5B039641581}"
EndProject
Project("{9A19103F-16F7-4668-BE54-9A1E7A4F7556}") = "Netflix.Business", "Netflix.Business\Netflix.Business.csproj", "{B933FE1A-C9C5-4953-B1BB-F3B93AE4F414}"
EndProject
Project("{FAE04EC0-301F-11D3-BF4B-00C04F79EFBC}") = "Netflix.WebAPI", "Netflix.WebAPI\Netflix.WebAPI.csproj", "{E4083C23-FC70-47E2-97DA-2A556F6B5A6A}"
EndProject
Global
	GlobalSection(SolutionConfigurationPlatforms) = preSolution
		Debug|Any CPU = Debug|Any CPU
		Release|Any CPU = Release|Any CPU
	EndGlobalSection
	GlobalSection(ProjectConfigurationPlatforms) = postSolution
		{1D6C423D-983F-4DF9-84F6-4E00AD46ED8B}.Debug|Any CPU.ActiveCfg = Debug|Any CPU
		{1D6C423D-983F-4DF9-84F6-4E00AD46ED8B}.Debug|Any CPU.Build.0 = Debug|Any CPU
		{1D6C423D-983F-4DF9-84F6-4E00AD46ED8B}.Release|Any CPU.ActiveCfg = Release|Any CPU
		{1D6C423D-983F-4DF9-84F6-4E00AD46ED8B}.Release|Any CPU.Build.0 = Release|Any CPU
		{7801C265-11F9-44E4-92FB-C5B039641581}.Debug|Any CPU.ActiveCfg = Debug|Any CPU
		{7801C265-11F9-44E4-92FB-C5B039641581}.Debug|Any CPU.Build.0 = Debug|Any CPU
		{7801C265-11F9-44E4-92FB-C5B039641581}.Release|Any CPU.ActiveCfg = Release|Any CPU
		{7801C265-11F9-44E4-92FB-C5B039641581}.Release|Any CPU.Build.0 = Release|Any CPU
		{B933FE1A-C9C5-4953-B1BB-F3B93AE4F414}.Debug|Any CPU.ActiveCfg = Debug|Any CPU
		{B933FE1A-C9C5-4953-B1BB-F3B93AE4F414}.Debug|Any CPU.Build.0 = Debug|Any CPU
		{B933FE1A-C9C5-4953-B1BB-F3B93AE4F414}.Release|Any CPU.ActiveCfg = Release|Any CPU
		{B933FE1A-C9C5-4953-B1BB-F3B93AE4F414}.Release|Any CPU.Build.0 = Release|Any CPU
		{E4083C23-FC70-47E2-97DA-2A556F6B5A6A}.Debug|Any CPU.ActiveCfg = Debug|Any CPU
		{E4083C23-FC70-47E2-97DA-2A556F6B5A6A}.Debug|Any CPU.Build.0 = Debug|Any CPU
		{E4083C23-FC70-47E2-97DA-2A556F6B5A6A}.Release|Any CPU.ActiveCfg = Release|Any CPU
		{E4083C23-FC70-47E2-97DA-2A556F6B5A6A}.Release|Any CPU.Build.0 = Release|Any CPU
	EndGlobalSection
	GlobalSection(SolutionProperties) = preSolution
		HideSolutionNode = FALSE
	EndGlobalSection
	GlobalSection(ExtensibilityGlobals) = postSolution
		SolutionGuid = {9CAAF8BC-848F-4560-83BF-28E0E2725F44}
	EndGlobalSection
EndGlobal
